github.com/blang/semver/v4 v4.0.0 h1:1PFHFE6yCCTv8C1TeyNNarDzntLi7wMI5i/pzqYIsAM=
github.com/blang/semver/v4 v4.0.0/go.mod h1:IbckMUScFkM3pff0VJDNKRiT6TG/YpiHIM2yvyW5YoQ=
github.com/consensys/bavard v0.1.13 h1:oLhMLOFGTLdlda/kma4VOJazblc7IM5y5QPd2A/YjhQ=
github.com/consensys/bavard v0.1.13/go.mod h1:9ItSMtA/dXMAiL7BG6bqW2m3NdSEObYWoH223nGHukI=
github.com/consensys/gnark-crypto v0.8.1-0.20221205155504-6b860ba21fbd h1:xpAhzOw3dZvRiQeTWmIO8KemBS5XdBsU+/jLfwibEmc=
github.com/consensys/gnark-crypto v0.8.1-0.20221205155504-6b860ba21fbd/go.mod h1:CkbdF9hbRidRJYMRzmfX8TMOr95I2pYXRHF18MzRrvA=
github.com/consensys/gnark-crypto v0.8.1-0.20221220191316-4b7364bddab8 h1:Ij6UQpKx4/Ox6L6qFPk8NhEnTsYCEXlILnh+1Hi1grY=
github.com/consensys/gnark-crypto v0.8.1-0.20221220191316-4b7364bddab8/go.mod h1:CkbdF9hbRidRJYMRzmfX8TMOr95I2pYXRHF18MzRrvA=
github.com/consensys/gnark-crypto v0.8.1-0.20230106140453-5cf58f4b640e h1:cEOsige+FJaj3IDFFIVz06GpXOa5TM7zWtLk313EmX8=
github.com/consensys/gnark-crypto v0.8.1-0.20230106140453-5cf58f4b640e/go.mod h1:CkbdF9hbRidRJYMRzmfX8TMOr95I2pYXRHF18MzRrvA=
github.com/consensys/gnark-crypto v0.8.1-0.20230106173623-0c62704e2ab6 h1:5KMsGt0lJKrt7bIBlugN5L4fmc8U98NdtnLrWYZLONM=
github.com/consensys/gnark-crypto v0.8.1-0.20230106173623-0c62704e2ab6/go.mod h1:CkbdF9hbRidRJYMRzmfX8TMOr95I2pYXRHF18MzRrvA=
github.com/consensys/gnark-crypto v0.8.1-0.20230109142818-225105a528b3 h1:/ylBx0Yl23sDatOmuNEGmBFTMGbGxzIiYOUNJjxxfU4=
github.com/consensys/gnark-crypto v0.8.1-0.20230109142818-225105a528b3/go.mod h1:CkbdF9hbRidRJYMRzmfX8TMOr95I2pYXRHF18MzRrvA=
github.com/consensys/gnark-crypto v0.8.1-0.20230111133335-d36deeb778e0 h1:EvsNJkQTEw5t5AhOYkm5b3BiTmsnDE6A10kYMi6OKxM=
github.com/consensys/gnark-crypto v0.8.1-0.20230111133335-d36deeb778e0/go.mod h1:CkbdF9hbRidRJYMRzmfX8TMOr95I2pYXRHF18MzRrvA=
github.com/consensys/gnark-crypto v0.8.1-0.20230113155319-70c214dd3e9d h1:4QDhDj6uR2Zv0a8mTJyiYCU+f3ZJkjbV8yLtMg2LFSU=
github.com/consensys/gnark-crypto v0.8.1-0.20230113155319-70c214dd3e9d/go.mod h1:CkbdF9hbRidRJYMRzmfX8TMOr95I2pYXRHF18MzRrvA=
github.com/consensys/gnark-crypto v0.8.1-0.20230116121103-f298a2456597 h1:UF/1MmJY/wfnmzJRxGbKsEsNQnAvxNn7ykoCLZhhmP4=
github.com/consensys/gnark-crypto v0.8.1-0.20230116121103-f298a2456597/go.mod h1:CkbdF9hbRidRJYMRzmfX8TMOr95I2pYXRHF18MzRrvA=
github.com/consensys/gnark-crypto v0.8.1-0.20230116172423-2e0e460f50be h1:yqAD3fW9p9w0BUPe3wmNzHq0BRgS1CB4KjlIqC3WMus=
github.com/consensys/gnark-crypto v0.8.1-0.20230116172423-2e0e460f50be/go.mod h1:CkbdF9hbRidRJYMRzmfX8TMOr95I2pYXRHF18MzRrvA=
github.com/consensys/gnark-crypto v0.8.1-0.20230117083738-581da20a0f23 h1:eJm4UGci3cSb0AxB9XjF4rDhtEuBWpFTr/BIaZwhXq4=
github.com/consensys/gnark-crypto v0.8.1-0.20230117083738-581da20a0f23/go.mod h1:CkbdF9hbRidRJYMRzmfX8TMOr95I2pYXRHF18MzRrvA=
github.com/consensys/gnark-crypto v0.8.1-0.20230117134507-aa857310bafd h1:tB125+4otkaCH53PrWlH64jvf9bRGKwens6fXgf73WU=
github.com/consensys/gnark-crypto v0.8.1-0.20230117134507-aa857310bafd/go.mod h1:CkbdF9hbRidRJYMRzmfX8TMOr95I2pYXRHF18MzRrvA=
github.com/consensys/gnark-crypto v0.8.1-0.20230117135316-a4d38c727c80 h1:LUbPS9EuqL+Q8twWIC5cKr0i+cziLI5rf4x2Mk18G9Q=
github.com/consensys/gnark-crypto v0.8.1-0.20230117135316-a4d38c727c80/go.mod h1:CkbdF9hbRidRJYMRzmfX8TMOr95I2pYXRHF18MzRrvA=
github.com/consensys/gnark-crypto v0.8.1-0.20230117162429-aea63aa5d67f h1:6lZ6sHdgRWtuByuJv+sIgoCVouztRkIOPAiVlF0KjRw=
github.com/consensys/gnark-crypto v0.8.1-0.20230117162429-aea63aa5d67f/go.mod h1:CkbdF9hbRidRJYMRzmfX8TMOr95I2pYXRHF18MzRrvA=
github.com/consensys/gnark-crypto v0.8.1-0.20230117213343-a2d30a17cdb0 h1:FNp2SoLVBJSQ3NnxhTHpFOQofTnPJE6HINuiGTDrt6M=
github.com/consensys/gnark-crypto v0.8.1-0.20230117213343-a2d30a17cdb0/go.mod h1:CkbdF9hbRidRJYMRzmfX8TMOr95I2pYXRHF18MzRrvA=
github.com/consensys/gnark-crypto v0.8.1-0.20230118161901-d227e57bd375 h1:6iYcue+P1bzt0GYyGnnh3nclX+OdPtc2yJMKhJQvFMo=
github.com/consensys/gnark-crypto v0.8.1-0.20230118161901-d227e57bd375/go.mod h1:CkbdF9hbRidRJYMRzmfX8TMOr95I2pYXRHF18MzRrvA=
github.com/consensys/gnark-crypto v0.8.1-0.20230118180453-3d26b9687bb1 h1:50IqQUDe5KPFcmCcQUotEgK0rKIgcg/DQhudQ08jrF8=
github.com/consensys/gnark-crypto v0.8.1-0.20230118180453-3d26b9687bb1/go.mod h1:CkbdF9hbRidRJYMRzmfX8TMOr95I2pYXRHF18MzRrvA=
github.com/consensys/gnark-crypto v0.8.1-0.20230120190300-689aef93183a h1:j1Pcjlui1mB8TkIaE0mbc3xy8vg3Rxz7GxUvW3gTCr4=
github.com/consensys/gnark-crypto v0.8.1-0.20230120190300-689aef93183a/go.mod h1:CkbdF9hbRidRJYMRzmfX8TMOr95I2pYXRHF18MzRrvA=
github.com/consensys/gnark-crypto v0.8.1-0.20230124093705-93c3fba51429 h1:a0YoUlWTIK+gOyYZv825F9bvlaqIbcjIB40Qx41DNyI=
github.com/consensys/gnark-crypto v0.8.1-0.20230124093705-93c3fba51429/go.mod h1:CkbdF9hbRidRJYMRzmfX8TMOr95I2pYXRHF18MzRrvA=
github.com/consensys/gnark-crypto v0.8.1-0.20230124104621-a147025df490 h1:Ga5GCKzCOdUS9Dbv32Fn7WQ9pK622NTRM7CcxSqO31Q=
github.com/consensys/gnark-crypto v0.8.1-0.20230124104621-a147025df490/go.mod h1:CkbdF9hbRidRJYMRzmfX8TMOr95I2pYXRHF18MzRrvA=
github.com/consensys/gnark-crypto v0.8.1-0.20230125091521-b71d09232273 h1:tVBrsGWO6azrDLFC9MNxQ1BvOtbLJdLTG8p8KF6WdWU=
github.com/consensys/gnark-crypto v0.8.1-0.20230125091521-b71d09232273/go.mod h1:CkbdF9hbRidRJYMRzmfX8TMOr95I2pYXRHF18MzRrvA=
github.com/consensys/gnark-crypto v0.8.1-0.20230125142908-8e88dd0086a7 h1:x68CW0Qpk/Su6oSpZ3djf+qly72T0eXrNirQGQOM+VE=
github.com/consensys/gnark-crypto v0.8.1-0.20230125142908-8e88dd0086a7/go.mod h1:CkbdF9hbRidRJYMRzmfX8TMOr95I2pYXRHF18MzRrvA=
github.com/consensys/gnark-crypto v0.8.1-0.20230125165827-2e58b7087082 h1:y2shXlY2XdFqqhBNDqH6FMA10gjTx1a5C4UywhrvX40=
github.com/consensys/gnark-crypto v0.8.1-0.20230125165827-2e58b7087082/go.mod h1:CkbdF9hbRidRJYMRzmfX8TMOr95I2pYXRHF18MzRrvA=
github.com/consensys/gnark-crypto v0.8.1-0.20230125212050-659ec44d880f h1:ImESCn04lRtGCiqpiYyq+DmBvsbxK+SctzzuyY+QMwY=
github.com/consensys/gnark-crypto v0.8.1-0.20230125212050-659ec44d880f/go.mod h1:CkbdF9hbRidRJYMRzmfX8TMOr95I2pYXRHF18MzRrvA=
github.com/consensys/gnark-crypto v0.8.1-0.20230125220515-60bf462f12bc h1:WV7AiKaC4l3dF9NPFtAPGhz3qW961CUR5ROxUiqRE4U=
github.com/consensys/gnark-crypto v0.8.1-0.20230125220515-60bf462f12bc/go.mod h1:CkbdF9hbRidRJYMRzmfX8TMOr95I2pYXRHF18MzRrvA=
github.com/consensys/gnark-crypto v0.8.1-0.20230126084741-31d96c9b0af0 h1:RDOa3JmQnYrbqgcirhnbdJyw9kNM3vM90AQ1qsSkMFQ=
github.com/consensys/gnark-crypto v0.8.1-0.20230126084741-31d96c9b0af0/go.mod h1:CkbdF9hbRidRJYMRzmfX8TMOr95I2pYXRHF18MzRrvA=
github.com/consensys/gnark-crypto v0.8.1-0.20230127213738-13e646aa2877 h1:BG2x9hs9tymPfH36vD6WlPOrYfrGQLjIfXZpoXb5Wfo=
github.com/consensys/gnark-crypto v0.8.1-0.20230127213738-13e646aa2877/go.mod h1:CkbdF9hbRidRJYMRzmfX8TMOr95I2pYXRHF18MzRrvA=
github.com/coreos/go-systemd/v22 v22.3.2/go.mod h1:Y58oyj3AT4RCenI/lSvhwexgC+NSVTIJ3seZv2GcEnc=
github.com/creack/pty v1.1.9/go.mod h1:oKZEueFk5CKHvIhNR5MUki03XCEU+Q6VDXinZuGJ33E=
github.com/davecgh/go-spew v1.1.0/go.mod h1:J7Y8YcW2NihsgmVo/mv3lAwl/skON4iLHjSsI+c5H38=
github.com/davecgh/go-spew v1.1.1 h1:vj9j/u1bqnvCEfJOwUhtlOARqs3+rkHYY13jYWTU97c=
github.com/davecgh/go-spew v1.1.1/go.mod h1:J7Y8YcW2NihsgmVo/mv3lAwl/skON4iLHjSsI+c5H38=
github.com/fxamacker/cbor/v2 v2.2.0 h1:6eXqdDDe588rSYAi1HfZKbx6YYQO4mxQ9eC6xYpU/JQ=
github.com/fxamacker/cbor/v2 v2.2.0/go.mod h1:TA1xS00nchWmaBnEIxPSE5oHLuJBAVvqrtAnWBwBCVo=
github.com/godbus/dbus/v5 v5.0.4/go.mod h1:xhWf0FNVPg57R7Z0UbKHbJfkEywrmjJnf7w5xrFpKfA=
github.com/google/go-cmp v0.5.8 h1:e6P7q2lk1O+qJJb4BtCQXlK8vWEO8V1ZeuEdJNOqZyg=
github.com/google/go-cmp v0.5.8/go.mod h1:17dUlkBOakJ0+DkrSSNjCkIjxS6bF9zb3elmeNGIjoY=
github.com/google/pprof v0.0.0-20220729232143-a41b82acbcb1 h1:8pyqKJvrJqUYaKS851Ule26pwWvey6IDMiczaBLDKLQ=
github.com/google/pprof v0.0.0-20220729232143-a41b82acbcb1/go.mod h1:gSuNB+gJaOiQKLEZ+q+PK9Mq3SOzhRcw2GsGS/FhYDk=
github.com/google/subcommands v1.2.0/go.mod h1:ZjhPrFU+Olkh9WazFPsl27BQ4UPiG37m3yTrtFlrHVk=
github.com/kr/pretty v0.1.0/go.mod h1:dAy3ld7l9f0ibDNOQOHHMYYIIbhfbHSm3C4ZsoJORNo=
github.com/kr/pretty v0.2.1/go.mod h1:ipq/a2n7PKx3OHsz4KJII5eveXtPO4qwEXGdVfWzfnI=
github.com/kr/pretty v0.3.0 h1:WgNl7dwNpEZ6jJ9k1snq4pZsg7DOEN8hP9Xw0Tsjwk0=
github.com/kr/pretty v0.3.0/go.mod h1:640gp4NfQd8pI5XOwp5fnNeVWj67G7CFk/SaSQn7NBk=
github.com/kr/pty v1.1.1/go.mod h1:pFQYn66WHrOpPYNljwOMqo10TkYh1fy3cYio2l3bCsQ=
github.com/kr/text v0.1.0/go.mod h1:4Jbv+DJW3UT/LiOwJeYQe1efqtUx/iVham/4vfdArNI=
github.com/kr/text v0.2.0 h1:5Nx0Ya0ZqY2ygV366QzturHI13Jq95ApcVaJBhpS+AY=
github.com/kr/text v0.2.0/go.mod h1:eLer722TekiGuMkidMxC/pM04lWEeraHUUmBw8l2grE=
github.com/leanovate/gopter v0.2.9 h1:fQjYxZaynp97ozCzfOyOuAGOU4aU/z37zf/tOujFk7c=
github.com/leanovate/gopter v0.2.9/go.mod h1:U2L/78B+KVFIx2VmW6onHJQzXtFb+p5y3y2Sh+Jxxv8=
github.com/mmcloughlin/addchain v0.4.0 h1:SobOdjm2xLj1KkXN5/n0xTIWyZA2+s99UCY1iPfkHRY=
github.com/mmcloughlin/addchain v0.4.0/go.mod h1:A86O+tHqZLMNO4w6ZZ4FlVQEadcoqkyU72HC5wJ4RlU=
github.com/mmcloughlin/profile v0.1.1/go.mod h1:IhHD7q1ooxgwTgjxQYkACGA77oFTDdFVejUS1/tS/qU=
github.com/pkg/errors v0.9.1/go.mod h1:bwawxfHBFNV+L2hUp1rHADufV3IMtnDRdf1r5NINEl0=
github.com/pmezard/go-difflib v1.0.0 h1:4DBwDE0NGyQoBHbLQYPwSUPoCMWR5BEzIk/f1lZbAQM=
github.com/pmezard/go-difflib v1.0.0/go.mod h1:iKH77koFhYxTK1pcRnkKkqfTogsbg7gZNVY4sRDYZ/4=
github.com/rogpeppe/go-internal v1.6.1 h1:/FiVV8dS/e+YqF2JvO3yXRFbBLTIuSDkuC7aBOAvL+k=
github.com/rogpeppe/go-internal v1.6.1/go.mod h1:xXDCJY+GAPziupqXw64V24skbSoqbTEfhy4qGm1nDQc=
github.com/rs/xid v1.3.0/go.mod h1:trrq9SKmegXys3aeAKXMUTdJsYXVwGY3RLcfgqegfbg=
github.com/rs/zerolog v1.26.1 h1:/ihwxqH+4z8UxyI70wM1z9yCvkWcfz/a3mj48k/Zngc=
github.com/rs/zerolog v1.26.1/go.mod h1:/wSSJWX7lVrsOwlbyTRSOJvqRlc+WjWlfes+CiJ+tmc=
github.com/stretchr/objx v0.1.0/go.mod h1:HFkY916IF+rwdDfMAkV7OtwuqBVzrE8GR6GFx+wExME=
github.com/stretchr/objx v0.4.0/go.mod h1:YvHI0jy2hoMjB+UWwv71VJQ9isScKT/TqJzVSSt89Yw=
github.com/stretchr/testify v1.7.1/go.mod h1:6Fq8oRcR53rry900zMqJjRRixrwX3KX962/h/Wwjteg=
github.com/stretchr/testify v1.8.0 h1:pSgiaMZlXftHpm5L7V1+rVB+AZJydKsMxsQBIJw4PKk=
github.com/stretchr/testify v1.8.0/go.mod h1:yNjHg4UonilssWZ8iaSj1OCr/vHnekPRkoO+kdMU+MU=
github.com/x448/float16 v0.8.4 h1:qLwI1I70+NjRFUR3zs1JPUCgaCXSh3SW62uAKT1mSBM=
github.com/x448/float16 v0.8.4/go.mod h1:14CWIYCyZA/cWjXOioeEpHeN/83MdbZDRQHoFcYsOfg=
github.com/yuin/goldmark v1.4.0/go.mod h1:mwnBkeHKe2W/ZEtQ+71ViKU8L12m81fl3OWwC1Zlc8k=
golang.org/x/crypto v0.0.0-20190308221718-c2843e01d9a2/go.mod h1:djNgcEr1/C05ACkg1iLfiJU5Ep61QUkGW8qpdssI0+w=
golang.org/x/crypto v0.0.0-20191011191535-87dc89f01550/go.mod h1:yigFU9vqHzYiE8UmvKecakEJjdnWj3jj499lnFckfCI=
golang.org/x/crypto v0.0.0-20211215165025-cf75a172585e/go.mod h1:P+XmwS30IXTQdn5tA2iutPOUgjI07+tq3H3K9MVA1s8=
golang.org/x/crypto v0.0.0-20220722155217-630584e8d5aa h1:zuSxTR4o9y82ebqCUJYNGJbGPo6sKVl54f/TVDObg1c=
golang.org/x/crypto v0.0.0-20220722155217-630584e8d5aa/go.mod h1:IxCIyHEi3zRg3s0A5j5BB6A9Jmi73HwBIUl50j+osU4=
golang.org/x/exp v0.0.0-20220713135740-79cabaa25d75 h1:x03zeu7B2B11ySp+daztnwM5oBJ/8wGUSqrwcw9L0RA=
golang.org/x/exp v0.0.0-20220713135740-79cabaa25d75/go.mod h1:Kr81I6Kryrl9sr8s2FK3vxD90NdsKWRuOIl2O4CvYbA=
golang.org/x/mod v0.4.2/go.mod h1:s0Qsj1ACt9ePp/hMypM3fl4fZqREWJwdYDEqhRiZZUA=
golang.org/x/net v0.0.0-20190404232315-eb5bcb51f2a3/go.mod h1:t9HGtf8HONx5eT2rtn7q6eTqICYqUVnKs3thJo3Qplg=
golang.org/x/net v0.0.0-20190620200207-3b0461eec859/go.mod h1:z5CRVTTTmAJ677TzLLGU+0bjPO0LkuOLi4/5GtJWs/s=
golang.org/x/net v0.0.0-20210226172049-e18ecbb05110/go.mod h1:m0MpNAwzfU5UDzcl9v0D8zg8gWTRqZa9RBIspLL5mdg=
golang.org/x/net v0.0.0-20210805182204-aaa1db679c0d/go.mod h1:9nx3DQGgdP8bBQD5qxJ1jj9UTztislL4KSBs9R2vV5Y=
golang.org/x/sync v0.0.0-20190423024810-112230192c58/go.mod h1:RxMgew5VJxzue5/jJTE5uejpjVlOe/izrB70Jof72aM=
golang.org/x/sync v0.0.0-20210220032951-036812b2e83c/go.mod h1:RxMgew5VJxzue5/jJTE5uejpjVlOe/izrB70Jof72aM=
golang.org/x/sys v0.0.0-20190215142949-d0b11bdaac8a/go.mod h1:STP8DvDyc/dI5b8T5hshtkjS+E42TnysNCUPdjciGhY=
golang.org/x/sys v0.0.0-20190412213103-97732733099d/go.mod h1:h1NjWce9XRLGQEsW7wpKNCjG9DtNlClVuFLEZdDNbEs=
golang.org/x/sys v0.0.0-20201119102817-f84b799fce68/go.mod h1:h1NjWce9XRLGQEsW7wpKNCjG9DtNlClVuFLEZdDNbEs=
golang.org/x/sys v0.0.0-20210423082822-04245dca01da/go.mod h1:h1NjWce9XRLGQEsW7wpKNCjG9DtNlClVuFLEZdDNbEs=
golang.org/x/sys v0.0.0-20210809222454-d867a43fc93e/go.mod h1:oPkhp1MJrh7nUepCBck5+mAzfO9JrbApNNgaTdGDITg=
golang.org/x/sys v0.2.0 h1:ljd4t30dBnAvMZaQCevtY0xLLD0A+bRZXbgLMLU1F/A=
golang.org/x/sys v0.2.0/go.mod h1:oPkhp1MJrh7nUepCBck5+mAzfO9JrbApNNgaTdGDITg=
golang.org/x/term v0.0.0-20201126162022-7de9c90e9dd1/go.mod h1:bj7SfCRtBDWHUb9snDiAeCFNEtKQo2Wmx5Cou7ajbmo=
golang.org/x/text v0.3.0/go.mod h1:NqM8EUOU14njkJ3fqMW+pc6Ldnwhi/IjpwHt7yyuwOQ=
golang.org/x/text v0.3.3/go.mod h1:5Zoc/QRtKVWzQhOtBMvqHzDpF6irO9z98xDceosuGiQ=
golang.org/x/text v0.3.6/go.mod h1:5Zoc/QRtKVWzQhOtBMvqHzDpF6irO9z98xDceosuGiQ=
golang.org/x/tools v0.0.0-20180917221912-90fa682c2a6e/go.mod h1:n7NCudcB/nEzxVGmLbDWY5pfWTLqBcC2KZ6jyYvM4mQ=
golang.org/x/tools v0.0.0-20191119224855-298f0cb1881e/go.mod h1:b+2E5dAYhXwXZwtnZ6UAqBI28+e2cm9otk0dWdXHAEo=
golang.org/x/tools v0.1.7/go.mod h1:LGqMHiF4EqQNHR1JncWGqT5BVaXmza+X+BDGol+dOxo=
golang.org/x/xerrors v0.0.0-20190717185122-a985d3407aa7/go.mod h1:I/5z698sn9Ka8TeJc9MKroUUfqBBauWjQqLJ2OPfmY0=
golang.org/x/xerrors v0.0.0-20191011141410-1b5146add898/go.mod h1:I/5z698sn9Ka8TeJc9MKroUUfqBBauWjQqLJ2OPfmY0=
golang.org/x/xerrors v0.0.0-20200804184101-5ec99f83aff1/go.mod h1:I/5z698sn9Ka8TeJc9MKroUUfqBBauWjQqLJ2OPfmY0=
gopkg.in/check.v1 v0.0.0-20161208181325-20d25e280405/go.mod h1:Co6ibVJAznAaIkqp8huTwlJQCZ016jof/cbN4VW5Yz0=
gopkg.in/check.v1 v1.0.0-20180628173108-788fd7840127/go.mod h1:Co6ibVJAznAaIkqp8huTwlJQCZ016jof/cbN4VW5Yz0=
gopkg.in/check.v1 v1.0.0-20201130134442-10cb98267c6c h1:Hei/4ADfdWqJk1ZMxUNpqntNwaWcugrBjAiHlqqRiVk=
gopkg.in/check.v1 v1.0.0-20201130134442-10cb98267c6c/go.mod h1:JHkPIbrfpd72SG/EVd6muEfDQjcINNoR0C8j2r3qZ4Q=
gopkg.in/errgo.v2 v2.1.0/go.mod h1:hNsd1EY+bozCKY1Ytp96fpM3vjJbqLJn88ws8XvfDNI=
gopkg.in/yaml.v3 v3.0.0-20200313102051-9f266ea9e77c/go.mod h1:K4uyk7z7BCEPqu6E+C64Yfv1cQ7kz7rIZviUmN+EgEM=
gopkg.in/yaml.v3 v3.0.1 h1:fxVm/GzAzEWqLHuvctI91KS9hhNmmWOoWu0XTYJS7CA=
gopkg.in/yaml.v3 v3.0.1/go.mod h1:K4uyk7z7BCEPqu6E+C64Yfv1cQ7kz7rIZviUmN+EgEM=
rsc.io/tmplfunc v0.0.3 h1:53XFQh69AfOa8Tw0Jm7t+GV7KZhOi6jzsCzTtKbMvzU=
rsc.io/tmplfunc v0.0.3/go.mod h1:AG3sTPzElb1Io3Yg4voV9AGZJuleGAwaVRxL9M49PhA=
